{
  "name": "navasetu-assessment-platform",
  "version": "1.0.0",
  "lockfileVersion": 3,
  "requires": true,
  "packages": {
    "": {
      "name": "navasetu-assessment-platform",
      "version": "1.0.0",
      "hasInstallScript": true,
      "engines": {
        "node": "18.x || 20.x"
      }
    }
  }
}
